// !$*UTF8*$!
{
	archiveVersion = 1;
	classes = {
	};
	objectVersion = 56;
	objects = {

/* Begin PBXBuildFile section */
		3315CDAC4BF56EEBD4B82982 /* Pods_kakaohairshop_kakaohairshopUITests.framework in Frameworks */ = {isa = PBXBuildFile; fileRef = FB800B038B06573B1D00B6D1 /* Pods_kakaohairshop_kakaohairshopUITests.framework */; };
		568CD955A3559B565E800F5E /* Pods_kakaohairshop.framework in Frameworks */ = {isa = PBXBuildFile; fileRef = 4E5885C0BC5022975C964D10 /* Pods_kakaohairshop.framework */; };
		BFA8BB9A28D703920046A9FE /* UIImage.swift in Sources */ = {isa = PBXBuildFile; fileRef = BFA8BB9928D703920046A9FE /* UIImage.swift */; };
		BFA8BB9D28D70B590046A9FE /* Constant.swift in Sources */ = {isa = PBXBuildFile; fileRef = BFA8BB9C28D70B590046A9FE /* Constant.swift */; };
		BFA8BBA028D719F80046A9FE /* DynamicHeightCollectionViewFlowLayout.swift in Sources */ = {isa = PBXBuildFile; fileRef = BFA8BB9F28D719F80046A9FE /* DynamicHeightCollectionViewFlowLayout.swift */; };
		BFA8BBA228D71C330046A9FE /* CGFloats.swift in Sources */ = {isa = PBXBuildFile; fileRef = BFA8BBA128D71C330046A9FE /* CGFloats.swift */; };
		BFF1011928D58C2800FCA7FC /* AppDelegate.swift in Sources */ = {isa = PBXBuildFile; fileRef = BFF1011828D58C2800FCA7FC /* AppDelegate.swift */; };
		BFF1011B28D58C2800FCA7FC /* SceneDelegate.swift in Sources */ = {isa = PBXBuildFile; fileRef = BFF1011A28D58C2800FCA7FC /* SceneDelegate.swift */; };
		BFF1011D28D58C2800FCA7FC /* ViewController.swift in Sources */ = {isa = PBXBuildFile; fileRef = BFF1011C28D58C2800FCA7FC /* ViewController.swift */; };
		BFF1012028D58C2800FCA7FC /* Main.storyboard in Resources */ = {isa = PBXBuildFile; fileRef = BFF1011E28D58C2800FCA7FC /* Main.storyboard */; };
		BFF1012228D58C2900FCA7FC /* Assets.xcassets in Resources */ = {isa = PBXBuildFile; fileRef = BFF1012128D58C2900FCA7FC /* Assets.xcassets */; };
		BFF1012528D58C2900FCA7FC /* LaunchScreen.storyboard in Resources */ = {isa = PBXBuildFile; fileRef = BFF1012328D58C2900FCA7FC /* LaunchScreen.storyboard */; };
		BFF1013028D58C2A00FCA7FC /* kakaohairshopTests.swift in Sources */ = {isa = PBXBuildFile; fileRef = BFF1012F28D58C2A00FCA7FC /* kakaohairshopTests.swift */; };
		BFF1013A28D58C2A00FCA7FC /* kakaohairshopUITests.swift in Sources */ = {isa = PBXBuildFile; fileRef = BFF1013928D58C2A00FCA7FC /* kakaohairshopUITests.swift */; };
		BFF1013C28D58C2A00FCA7FC /* kakaohairshopUITestsLaunchTests.swift in Sources */ = {isa = PBXBuildFile; fileRef = BFF1013B28D58C2A00FCA7FC /* kakaohairshopUITestsLaunchTests.swift */; };
		BFF1014A28D58C8B00FCA7FC /* Network.swift in Sources */ = {isa = PBXBuildFile; fileRef = BFF1014928D58C8B00FCA7FC /* Network.swift */; };
		BFF1014D28D58CE300FCA7FC /* Gif.swift in Sources */ = {isa = PBXBuildFile; fileRef = BFF1014C28D58CE300FCA7FC /* Gif.swift */; };
		BFF1014F28D5952A00FCA7FC /* HomeViewController.swift in Sources */ = {isa = PBXBuildFile; fileRef = BFF1014E28D5952A00FCA7FC /* HomeViewController.swift */; };
		BFF1015128D598D200FCA7FC /* SearchViewController.swift in Sources */ = {isa = PBXBuildFile; fileRef = BFF1015028D598D200FCA7FC /* SearchViewController.swift */; };
		BFF1015428D5993900FCA7FC /* Strings.swift in Sources */ = {isa = PBXBuildFile; fileRef = BFF1015328D5993900FCA7FC /* Strings.swift */; };
		BFF1015728D59DD700FCA7FC /* HomeViewModel.swift in Sources */ = {isa = PBXBuildFile; fileRef = BFF1015628D59DD700FCA7FC /* HomeViewModel.swift */; };
		BFF1015928D59E7500FCA7FC /* ViewModelType.swift in Sources */ = {isa = PBXBuildFile; fileRef = BFF1015828D59E7500FCA7FC /* ViewModelType.swift */; };
		BFF1015C28D5A1B200FCA7FC /* NetworkError.swift in Sources */ = {isa = PBXBuildFile; fileRef = BFF1015B28D5A1B200FCA7FC /* NetworkError.swift */; };
		BFF1015F28D5A63300FCA7FC /* GifCollectionViewCell.swift in Sources */ = {isa = PBXBuildFile; fileRef = BFF1015E28D5A63300FCA7FC /* GifCollectionViewCell.swift */; };
		C794767C0F5EE960FB2F5302 /* Pods_kakaohairshopTests.framework in Frameworks */ = {isa = PBXBuildFile; fileRef = 743A53DE2752B5B155CCB2BE /* Pods_kakaohairshopTests.framework */; };
/* End PBXBuildFile section */

/* Begin PBXContainerItemProxy section */
		BFF1012C28D58C2A00FCA7FC /* PBXContainerItemProxy */ = {
			isa = PBXContainerItemProxy;
			containerPortal = BFF1010D28D58C2800FCA7FC /* Project object */;
			proxyType = 1;
			remoteGlobalIDString = BFF1011428D58C2800FCA7FC;
			remoteInfo = kakaohairshop;
		};
		BFF1013628D58C2A00FCA7FC /* PBXContainerItemProxy */ = {
			isa = PBXContainerItemProxy;
			containerPortal = BFF1010D28D58C2800FCA7FC /* Project object */;
			proxyType = 1;
			remoteGlobalIDString = BFF1011428D58C2800FCA7FC;
			remoteInfo = kakaohairshop;
		};
/* End PBXContainerItemProxy section */

/* Begin PBXFileReference section */
		3C86893D887DDAA0F9D0DB1D /* Pods-kakaohairshop.release.xcconfig */ = {isa = PBXFileReference; includeInIndex = 1; lastKnownFileType = text.xcconfig; name = "Pods-kakaohairshop.release.xcconfig"; path = "Target Support Files/Pods-kakaohairshop/Pods-kakaohairshop.release.xcconfig"; sourceTree = "<group>"; };
		4E5885C0BC5022975C964D10 /* Pods_kakaohairshop.framework */ = {isa = PBXFileReference; explicitFileType = wrapper.framework; includeInIndex = 0; path = Pods_kakaohairshop.framework; sourceTree = BUILT_PRODUCTS_DIR; };
		4EE65E14040320285E40745C /* Pods-kakaohairshop.debug.xcconfig */ = {isa = PBXFileReference; includeInIndex = 1; lastKnownFileType = text.xcconfig; name = "Pods-kakaohairshop.debug.xcconfig"; path = "Target Support Files/Pods-kakaohairshop/Pods-kakaohairshop.debug.xcconfig"; sourceTree = "<group>"; };
		743A53DE2752B5B155CCB2BE /* Pods_kakaohairshopTests.framework */ = {isa = PBXFileReference; explicitFileType = wrapper.framework; includeInIndex = 0; path = Pods_kakaohairshopTests.framework; sourceTree = BUILT_PRODUCTS_DIR; };
		7C8DC1969ED68FF12106946D /* Pods-kakaohairshopTests.release.xcconfig */ = {isa = PBXFileReference; includeInIndex = 1; lastKnownFileType = text.xcconfig; name = "Pods-kakaohairshopTests.release.xcconfig"; path = "Target Support Files/Pods-kakaohairshopTests/Pods-kakaohairshopTests.release.xcconfig"; sourceTree = "<group>"; };
		88A6A4FD3F3FA4D5ED6EFBD8 /* Pods-kakaohairshop-kakaohairshopUITests.release.xcconfig */ = {isa = PBXFileReference; includeInIndex = 1; lastKnownFileType = text.xcconfig; name = "Pods-kakaohairshop-kakaohairshopUITests.release.xcconfig"; path = "Target Support Files/Pods-kakaohairshop-kakaohairshopUITests/Pods-kakaohairshop-kakaohairshopUITests.release.xcconfig"; sourceTree = "<group>"; };
		A851E6D8CC061C155867A811 /* Pods-kakaohairshopTests.debug.xcconfig */ = {isa = PBXFileReference; includeInIndex = 1; lastKnownFileType = text.xcconfig; name = "Pods-kakaohairshopTests.debug.xcconfig"; path = "Target Support Files/Pods-kakaohairshopTests/Pods-kakaohairshopTests.debug.xcconfig"; sourceTree = "<group>"; };
		BFA8BB9928D703920046A9FE /* UIImage.swift */ = {isa = PBXFileReference; lastKnownFileType = sourcecode.swift; path = UIImage.swift; sourceTree = "<group>"; };
		BFA8BB9C28D70B590046A9FE /* Constant.swift */ = {isa = PBXFileReference; lastKnownFileType = sourcecode.swift; path = Constant.swift; sourceTree = "<group>"; };
		BFA8BB9F28D719F80046A9FE /* DynamicHeightCollectionViewFlowLayout.swift */ = {isa = PBXFileReference; lastKnownFileType = sourcecode.swift; path = DynamicHeightCollectionViewFlowLayout.swift; sourceTree = "<group>"; };
		BFA8BBA128D71C330046A9FE /* CGFloats.swift */ = {isa = PBXFileReference; lastKnownFileType = sourcecode.swift; path = CGFloats.swift; sourceTree = "<group>"; };
		BFF1011528D58C2800FCA7FC /* kakaohairshop.app */ = {isa = PBXFileReference; explicitFileType = wrapper.application; includeInIndex = 0; path = kakaohairshop.app; sourceTree = BUILT_PRODUCTS_DIR; };
		BFF1011828D58C2800FCA7FC /* AppDelegate.swift */ = {isa = PBXFileReference; lastKnownFileType = sourcecode.swift; path = AppDelegate.swift; sourceTree = "<group>"; };
		BFF1011A28D58C2800FCA7FC /* SceneDelegate.swift */ = {isa = PBXFileReference; lastKnownFileType = sourcecode.swift; path = SceneDelegate.swift; sourceTree = "<group>"; };
		BFF1011C28D58C2800FCA7FC /* ViewController.swift */ = {isa = PBXFileReference; lastKnownFileType = sourcecode.swift; path = ViewController.swift; sourceTree = "<group>"; };
		BFF1011F28D58C2800FCA7FC /* Base */ = {isa = PBXFileReference; lastKnownFileType = file.storyboard; name = Base; path = Base.lproj/Main.storyboard; sourceTree = "<group>"; };
		BFF1012128D58C2900FCA7FC /* Assets.xcassets */ = {isa = PBXFileReference; lastKnownFileType = folder.assetcatalog; path = Assets.xcassets; sourceTree = "<group>"; };
		BFF1012428D58C2900FCA7FC /* Base */ = {isa = PBXFileReference; lastKnownFileType = file.storyboard; name = Base; path = Base.lproj/LaunchScreen.storyboard; sourceTree = "<group>"; };
		BFF1012628D58C2900FCA7FC /* Info.plist */ = {isa = PBXFileReference; lastKnownFileType = text.plist.xml; path = Info.plist; sourceTree = "<group>"; };
		BFF1012B28D58C2A00FCA7FC /* kakaohairshopTests.xctest */ = {isa = PBXFileReference; explicitFileType = wrapper.cfbundle; includeInIndex = 0; path = kakaohairshopTests.xctest; sourceTree = BUILT_PRODUCTS_DIR; };
		BFF1012F28D58C2A00FCA7FC /* kakaohairshopTests.swift */ = {isa = PBXFileReference; lastKnownFileType = sourcecode.swift; path = kakaohairshopTests.swift; sourceTree = "<group>"; };
		BFF1013528D58C2A00FCA7FC /* kakaohairshopUITests.xctest */ = {isa = PBXFileReference; explicitFileType = wrapper.cfbundle; includeInIndex = 0; path = kakaohairshopUITests.xctest; sourceTree = BUILT_PRODUCTS_DIR; };
		BFF1013928D58C2A00FCA7FC /* kakaohairshopUITests.swift */ = {isa = PBXFileReference; lastKnownFileType = sourcecode.swift; path = kakaohairshopUITests.swift; sourceTree = "<group>"; };
		BFF1013B28D58C2A00FCA7FC /* kakaohairshopUITestsLaunchTests.swift */ = {isa = PBXFileReference; lastKnownFileType = sourcecode.swift; path = kakaohairshopUITestsLaunchTests.swift; sourceTree = "<group>"; };
		BFF1014928D58C8B00FCA7FC /* Network.swift */ = {isa = PBXFileReference; lastKnownFileType = sourcecode.swift; path = Network.swift; sourceTree = "<group>"; };
		BFF1014C28D58CE300FCA7FC /* Gif.swift */ = {isa = PBXFileReference; lastKnownFileType = sourcecode.swift; path = Gif.swift; sourceTree = "<group>"; };
		BFF1014E28D5952A00FCA7FC /* HomeViewController.swift */ = {isa = PBXFileReference; lastKnownFileType = sourcecode.swift; path = HomeViewController.swift; sourceTree = "<group>"; };
		BFF1015028D598D200FCA7FC /* SearchViewController.swift */ = {isa = PBXFileReference; lastKnownFileType = sourcecode.swift; path = SearchViewController.swift; sourceTree = "<group>"; };
		BFF1015328D5993900FCA7FC /* Strings.swift */ = {isa = PBXFileReference; lastKnownFileType = sourcecode.swift; path = Strings.swift; sourceTree = "<group>"; };
		BFF1015628D59DD700FCA7FC /* HomeViewModel.swift */ = {isa = PBXFileReference; lastKnownFileType = sourcecode.swift; path = HomeViewModel.swift; sourceTree = "<group>"; };
		BFF1015828D59E7500FCA7FC /* ViewModelType.swift */ = {isa = PBXFileReference; lastKnownFileType = sourcecode.swift; path = ViewModelType.swift; sourceTree = "<group>"; };
		BFF1015B28D5A1B200FCA7FC /* NetworkError.swift */ = {isa = PBXFileReference; lastKnownFileType = sourcecode.swift; path = NetworkError.swift; sourceTree = "<group>"; };
		BFF1015E28D5A63300FCA7FC /* GifCollectionViewCell.swift */ = {isa = PBXFileReference; lastKnownFileType = sourcecode.swift; path = GifCollectionViewCell.swift; sourceTree = "<group>"; };
		D406AA8F84AEA0E3F44BA906 /* Pods-kakaohairshop-kakaohairshopUITests.debug.xcconfig */ = {isa = PBXFileReference; includeInIndex = 1; lastKnownFileType = text.xcconfig; name = "Pods-kakaohairshop-kakaohairshopUITests.debug.xcconfig"; path = "Target Support Files/Pods-kakaohairshop-kakaohairshopUITests/Pods-kakaohairshop-kakaohairshopUITests.debug.xcconfig"; sourceTree = "<group>"; };
		FB800B038B06573B1D00B6D1 /* Pods_kakaohairshop_kakaohairshopUITests.framework */ = {isa = PBXFileReference; explicitFileType = wrapper.framework; includeInIndex = 0; path = Pods_kakaohairshop_kakaohairshopUITests.framework; sourceTree = BUILT_PRODUCTS_DIR; };
/* End PBXFileReference section */

/* Begin PBXFrameworksBuildPhase section */
		BFF1011228D58C2800FCA7FC /* Frameworks */ = {
			isa = PBXFrameworksBuildPhase;
			buildActionMask = 2147483647;
			files = (
				568CD955A3559B565E800F5E /* Pods_kakaohairshop.framework in Frameworks */,
			);
			runOnlyForDeploymentPostprocessing = 0;
		};
		BFF1012828D58C2A00FCA7FC /* Frameworks */ = {
			isa = PBXFrameworksBuildPhase;
			buildActionMask = 2147483647;
			files = (
				C794767C0F5EE960FB2F5302 /* Pods_kakaohairshopTests.framework in Frameworks */,
			);
			runOnlyForDeploymentPostprocessing = 0;
		};
		BFF1013228D58C2A00FCA7FC /* Frameworks */ = {
			isa = PBXFrameworksBuildPhase;
			buildActionMask = 2147483647;
			files = (
				3315CDAC4BF56EEBD4B82982 /* Pods_kakaohairshop_kakaohairshopUITests.framework in Frameworks */,
			);
			runOnlyForDeploymentPostprocessing = 0;
		};
/* End PBXFrameworksBuildPhase section */

/* Begin PBXGroup section */
		97B9BD166854E5C2FA52785C /* Frameworks */ = {
			isa = PBXGroup;
			children = (
				4E5885C0BC5022975C964D10 /* Pods_kakaohairshop.framework */,
				FB800B038B06573B1D00B6D1 /* Pods_kakaohairshop_kakaohairshopUITests.framework */,
				743A53DE2752B5B155CCB2BE /* Pods_kakaohairshopTests.framework */,
			);
			name = Frameworks;
			sourceTree = "<group>";
		};
		BFA8BB9B28D70B500046A9FE /* Const */ = {
			isa = PBXGroup;
			children = (
				BFA8BB9C28D70B590046A9FE /* Constant.swift */,
			);
			path = Const;
			sourceTree = "<group>";
		};
		BFA8BB9E28D719DC0046A9FE /* CollectionView */ = {
			isa = PBXGroup;
			children = (
				BFA8BB9F28D719F80046A9FE /* DynamicHeightCollectionViewFlowLayout.swift */,
			);
			path = CollectionView;
			sourceTree = "<group>";
		};
		BFF1010C28D58C2800FCA7FC = {
			isa = PBXGroup;
			children = (
				BFF1011728D58C2800FCA7FC /* kakaohairshop */,
				BFF1012E28D58C2A00FCA7FC /* kakaohairshopTests */,
				BFF1013828D58C2A00FCA7FC /* kakaohairshopUITests */,
				BFF1011628D58C2800FCA7FC /* Products */,
				D273015400C18BD05BCCF0D4 /* Pods */,
				97B9BD166854E5C2FA52785C /* Frameworks */,
			);
			sourceTree = "<group>";
		};
		BFF1011628D58C2800FCA7FC /* Products */ = {
			isa = PBXGroup;
			children = (
				BFF1011528D58C2800FCA7FC /* kakaohairshop.app */,
				BFF1012B28D58C2A00FCA7FC /* kakaohairshopTests.xctest */,
				BFF1013528D58C2A00FCA7FC /* kakaohairshopUITests.xctest */,
			);
			name = Products;
			sourceTree = "<group>";
		};
		BFF1011728D58C2800FCA7FC /* kakaohairshop */ = {
			isa = PBXGroup;
			children = (
				BFF1011828D58C2800FCA7FC /* AppDelegate.swift */,
				BFF1011A28D58C2800FCA7FC /* SceneDelegate.swift */,
				BFF1011C28D58C2800FCA7FC /* ViewController.swift */,
				BFF1015828D59E7500FCA7FC /* ViewModelType.swift */,
				BFA8BB9B28D70B500046A9FE /* Const */,
				BFF1016028D5AF3300FCA7FC /* Extension */,
				BFF1015D28D5A60F00FCA7FC /* Component */,
				BFF1015228D5990600FCA7FC /* Enum */,
				BFF1015528D59DCB00FCA7FC /* Home */,
				BFF1015028D598D200FCA7FC /* SearchViewController.swift */,
				BFF1014B28D58CD200FCA7FC /* Model */,
				BFF1014828D58C7A00FCA7FC /* Data */,
				BFF1011E28D58C2800FCA7FC /* Main.storyboard */,
				BFF1012128D58C2900FCA7FC /* Assets.xcassets */,
				BFF1012328D58C2900FCA7FC /* LaunchScreen.storyboard */,
				BFF1012628D58C2900FCA7FC /* Info.plist */,
			);
			path = kakaohairshop;
			sourceTree = "<group>";
		};
		BFF1012E28D58C2A00FCA7FC /* kakaohairshopTests */ = {
			isa = PBXGroup;
			children = (
				BFF1012F28D58C2A00FCA7FC /* kakaohairshopTests.swift */,
			);
			path = kakaohairshopTests;
			sourceTree = "<group>";
		};
		BFF1013828D58C2A00FCA7FC /* kakaohairshopUITests */ = {
			isa = PBXGroup;
			children = (
				BFF1013928D58C2A00FCA7FC /* kakaohairshopUITests.swift */,
				BFF1013B28D58C2A00FCA7FC /* kakaohairshopUITestsLaunchTests.swift */,
			);
			path = kakaohairshopUITests;
			sourceTree = "<group>";
		};
		BFF1014828D58C7A00FCA7FC /* Data */ = {
			isa = PBXGroup;
			children = (
				BFF1014928D58C8B00FCA7FC /* Network.swift */,
			);
			name = Data;
			sourceTree = "<group>";
		};
		BFF1014B28D58CD200FCA7FC /* Model */ = {
			isa = PBXGroup;
			children = (
				BFF1014C28D58CE300FCA7FC /* Gif.swift */,
			);
			path = Model;
			sourceTree = "<group>";
		};
		BFF1015228D5990600FCA7FC /* Enum */ = {
			isa = PBXGroup;
			children = (
				BFF1015328D5993900FCA7FC /* Strings.swift */,
				BFA8BBA128D71C330046A9FE /* CGFloats.swift */,
				BFF1015A28D5A1A900FCA7FC /* Error */,
			);
			path = Enum;
			sourceTree = "<group>";
		};
		BFF1015528D59DCB00FCA7FC /* Home */ = {
			isa = PBXGroup;
			children = (
				BFF1014E28D5952A00FCA7FC /* HomeViewController.swift */,
				BFF1015628D59DD700FCA7FC /* HomeViewModel.swift */,
			);
			path = Home;
			sourceTree = "<group>";
		};
		BFF1015A28D5A1A900FCA7FC /* Error */ = {
			isa = PBXGroup;
			children = (
				BFF1015B28D5A1B200FCA7FC /* NetworkError.swift */,
			);
			path = Error;
			sourceTree = "<group>";
		};
		BFF1015D28D5A60F00FCA7FC /* Component */ = {
			isa = PBXGroup;
			children = (
				BFF1015E28D5A63300FCA7FC /* GifCollectionViewCell.swift */,
				BFA8BB9E28D719DC0046A9FE /* CollectionView */,
			);
			path = Component;
			sourceTree = "<group>";
		};
		BFF1016028D5AF3300FCA7FC /* Extension */ = {
			isa = PBXGroup;
			children = (
				BFA8BB9928D703920046A9FE /* UIImage.swift */,
			);
			path = Extension;
			sourceTree = "<group>";
		};
		D273015400C18BD05BCCF0D4 /* Pods */ = {
			isa = PBXGroup;
			children = (
				4EE65E14040320285E40745C /* Pods-kakaohairshop.debug.xcconfig */,
				3C86893D887DDAA0F9D0DB1D /* Pods-kakaohairshop.release.xcconfig */,
				D406AA8F84AEA0E3F44BA906 /* Pods-kakaohairshop-kakaohairshopUITests.debug.xcconfig */,
				88A6A4FD3F3FA4D5ED6EFBD8 /* Pods-kakaohairshop-kakaohairshopUITests.release.xcconfig */,
				A851E6D8CC061C155867A811 /* Pods-kakaohairshopTests.debug.xcconfig */,
				7C8DC1969ED68FF12106946D /* Pods-kakaohairshopTests.release.xcconfig */,
			);
			path = Pods;
			sourceTree = "<group>";
		};
/* End PBXGroup section */

/* Begin PBXNativeTarget section */
		BFF1011428D58C2800FCA7FC /* kakaohairshop */ = {
			isa = PBXNativeTarget;
			buildConfigurationList = BFF1013F28D58C2A00FCA7FC /* Build configuration list for PBXNativeTarget "kakaohairshop" */;
			buildPhases = (
				BB2ABFBE51240E5AA2F80856 /* [CP] Check Pods Manifest.lock */,
				BFF1011128D58C2800FCA7FC /* Sources */,
				BFF1011228D58C2800FCA7FC /* Frameworks */,
				BFF1011328D58C2800FCA7FC /* Resources */,
				EF979099DA0BF830192D537B /* [CP] Embed Pods Frameworks */,
			);
			buildRules = (
			);
			dependencies = (
			);
			name = kakaohairshop;
			productName = kakaohairshop;
			productReference = BFF1011528D58C2800FCA7FC /* kakaohairshop.app */;
			productType = "com.apple.product-type.application";
		};
		BFF1012A28D58C2A00FCA7FC /* kakaohairshopTests */ = {
			isa = PBXNativeTarget;
			buildConfigurationList = BFF1014228D58C2A00FCA7FC /* Build configuration list for PBXNativeTarget "kakaohairshopTests" */;
			buildPhases = (
				C8545C97F5FEBC090A207C66 /* [CP] Check Pods Manifest.lock */,
				BFF1012728D58C2A00FCA7FC /* Sources */,
				BFF1012828D58C2A00FCA7FC /* Frameworks */,
				BFF1012928D58C2A00FCA7FC /* Resources */,
			);
			buildRules = (
			);
			dependencies = (
				BFF1012D28D58C2A00FCA7FC /* PBXTargetDependency */,
			);
			name = kakaohairshopTests;
			productName = kakaohairshopTests;
			productReference = BFF1012B28D58C2A00FCA7FC /* kakaohairshopTests.xctest */;
			productType = "com.apple.product-type.bundle.unit-test";
		};
		BFF1013428D58C2A00FCA7FC /* kakaohairshopUITests */ = {
			isa = PBXNativeTarget;
			buildConfigurationList = BFF1014528D58C2A00FCA7FC /* Build configuration list for PBXNativeTarget "kakaohairshopUITests" */;
			buildPhases = (
				FF6D19440EE785BA65E440DB /* [CP] Check Pods Manifest.lock */,
				BFF1013128D58C2A00FCA7FC /* Sources */,
				BFF1013228D58C2A00FCA7FC /* Frameworks */,
				BFF1013328D58C2A00FCA7FC /* Resources */,
				B889FBD0791716A543B6480F /* [CP] Embed Pods Frameworks */,
			);
			buildRules = (
			);
			dependencies = (
				BFF1013728D58C2A00FCA7FC /* PBXTargetDependency */,
			);
			name = kakaohairshopUITests;
			productName = kakaohairshopUITests;
			productReference = BFF1013528D58C2A00FCA7FC /* kakaohairshopUITests.xctest */;
			productType = "com.apple.product-type.bundle.ui-testing";
		};
/* End PBXNativeTarget section */

/* Begin PBXProject section */
		BFF1010D28D58C2800FCA7FC /* Project object */ = {
			isa = PBXProject;
			attributes = {
				BuildIndependentTargetsInParallel = 1;
				LastSwiftUpdateCheck = 1400;
				LastUpgradeCheck = 1400;
				TargetAttributes = {
					BFF1011428D58C2800FCA7FC = {
						CreatedOnToolsVersion = 14.0;
					};
					BFF1012A28D58C2A00FCA7FC = {
						CreatedOnToolsVersion = 14.0;
						TestTargetID = BFF1011428D58C2800FCA7FC;
					};
					BFF1013428D58C2A00FCA7FC = {
						CreatedOnToolsVersion = 14.0;
						TestTargetID = BFF1011428D58C2800FCA7FC;
					};
				};
			};
			buildConfigurationList = BFF1011028D58C2800FCA7FC /* Build configuration list for PBXProject "kakaohairshop" */;
			compatibilityVersion = "Xcode 14.0";
			developmentRegion = en;
			hasScannedForEncodings = 0;
			knownRegions = (
				en,
				Base,
			);
			mainGroup = BFF1010C28D58C2800FCA7FC;
			productRefGroup = BFF1011628D58C2800FCA7FC /* Products */;
			projectDirPath = "";
			projectRoot = "";
			targets = (
				BFF1011428D58C2800FCA7FC /* kakaohairshop */,
				BFF1012A28D58C2A00FCA7FC /* kakaohairshopTests */,
				BFF1013428D58C2A00FCA7FC /* kakaohairshopUITests */,
			);
		};
/* End PBXProject section */

/* Begin PBXResourcesBuildPhase section */
		BFF1011328D58C2800FCA7FC /* Resources */ = {
			isa = PBXResourcesBuildPhase;
			buildActionMask = 2147483647;
			files = (
				BFF1012528D58C2900FCA7FC /* LaunchScreen.storyboard in Resources */,
				BFF1012228D58C2900FCA7FC /* Assets.xcassets in Resources */,
				BFF1012028D58C2800FCA7FC /* Main.storyboard in Resources */,
			);
			runOnlyForDeploymentPostprocessing = 0;
		};
		BFF1012928D58C2A00FCA7FC /* Resources */ = {
			isa = PBXResourcesBuildPhase;
			buildActionMask = 2147483647;
			files = (
			);
			runOnlyForDeploymentPostprocessing = 0;
		};
		BFF1013328D58C2A00FCA7FC /* Resources */ = {
			isa = PBXResourcesBuildPhase;
			buildActionMask = 2147483647;
			files = (
			);
			runOnlyForDeploymentPostprocessing = 0;
		};
/* End PBXResourcesBuildPhase section */

/* Begin PBXShellScriptBuildPhase section */
		B889FBD0791716A543B6480F /* [CP] Embed Pods Frameworks */ = {
			isa = PBXShellScriptBuildPhase;
			buildActionMask = 2147483647;
			files = (
			);
			inputFileListPaths = (
				"${PODS_ROOT}/Target Support Files/Pods-kakaohairshop-kakaohairshopUITests/Pods-kakaohairshop-kakaohairshopUITests-frameworks-${CONFIGURATION}-input-files.xcfilelist",
			);
			name = "[CP] Embed Pods Frameworks";
			outputFileListPaths = (
				"${PODS_ROOT}/Target Support Files/Pods-kakaohairshop-kakaohairshopUITests/Pods-kakaohairshop-kakaohairshopUITests-frameworks-${CONFIGURATION}-output-files.xcfilelist",
			);
			runOnlyForDeploymentPostprocessing = 0;
			shellPath = /bin/sh;
			shellScript = "\"${PODS_ROOT}/Target Support Files/Pods-kakaohairshop-kakaohairshopUITests/Pods-kakaohairshop-kakaohairshopUITests-frameworks.sh\"\n";
			showEnvVarsInLog = 0;
		};
		BB2ABFBE51240E5AA2F80856 /* [CP] Check Pods Manifest.lock */ = {
			isa = PBXShellScriptBuildPhase;
			buildActionMask = 2147483647;
			files = (
			);
			inputFileListPaths = (
			);
			inputPaths = (
				"${PODS_PODFILE_DIR_PATH}/Podfile.lock",
				"${PODS_ROOT}/Manifest.lock",
			);
			name = "[CP] Check Pods Manifest.lock";
			outputFileListPaths = (
			);
			outputPaths = (
				"$(DERIVED_FILE_DIR)/Pods-kakaohairshop-checkManifestLockResult.txt",
			);
			runOnlyForDeploymentPostprocessing = 0;
			shellPath = /bin/sh;
			shellScript = "diff \"${PODS_PODFILE_DIR_PATH}/Podfile.lock\" \"${PODS_ROOT}/Manifest.lock\" > /dev/null\nif [ $? != 0 ] ; then\n    # print error to STDERR\n    echo \"error: The sandbox is not in sync with the Podfile.lock. Run 'pod install' or update your CocoaPods installation.\" >&2\n    exit 1\nfi\n# This output is used by Xcode 'outputs' to avoid re-running this script phase.\necho \"SUCCESS\" > \"${SCRIPT_OUTPUT_FILE_0}\"\n";
			showEnvVarsInLog = 0;
		};
		C8545C97F5FEBC090A207C66 /* [CP] Check Pods Manifest.lock */ = {
			isa = PBXShellScriptBuildPhase;
			buildActionMask = 2147483647;
			files = (
			);
			inputFileListPaths = (
			);
			inputPaths = (
				"${PODS_PODFILE_DIR_PATH}/Podfile.lock",
				"${PODS_ROOT}/Manifest.lock",
			);
			name = "[CP] Check Pods Manifest.lock";
			outputFileListPaths = (
			);
			outputPaths = (
				"$(DERIVED_FILE_DIR)/Pods-kakaohairshopTests-checkManifestLockResult.txt",
			);
			runOnlyForDeploymentPostprocessing = 0;
			shellPath = /bin/sh;
			shellScript = "diff \"${PODS_PODFILE_DIR_PATH}/Podfile.lock\" \"${PODS_ROOT}/Manifest.lock\" > /dev/null\nif [ $? != 0 ] ; then\n    # print error to STDERR\n    echo \"error: The sandbox is not in sync with the Podfile.lock. Run 'pod install' or update your CocoaPods installation.\" >&2\n    exit 1\nfi\n# This output is used by Xcode 'outputs' to avoid re-running this script phase.\necho \"SUCCESS\" > \"${SCRIPT_OUTPUT_FILE_0}\"\n";
			showEnvVarsInLog = 0;
		};
		EF979099DA0BF830192D537B /* [CP] Embed Pods Frameworks */ = {
			isa = PBXShellScriptBuildPhase;
			buildActionMask = 2147483647;
			files = (
			);
			inputFileListPaths = (
				"${PODS_ROOT}/Target Support Files/Pods-kakaohairshop/Pods-kakaohairshop-frameworks-${CONFIGURATION}-input-files.xcfilelist",
			);
			name = "[CP] Embed Pods Frameworks";
			outputFileListPaths = (
				"${PODS_ROOT}/Target Support Files/Pods-kakaohairshop/Pods-kakaohairshop-frameworks-${CONFIGURATION}-output-files.xcfilelist",
			);
			runOnlyForDeploymentPostprocessing = 0;
			shellPath = /bin/sh;
			shellScript = "\"${PODS_ROOT}/Target Support Files/Pods-kakaohairshop/Pods-kakaohairshop-frameworks.sh\"\n";
			showEnvVarsInLog = 0;
		};
		FF6D19440EE785BA65E440DB /* [CP] Check Pods Manifest.lock */ = {
			isa = PBXShellScriptBuildPhase;
			buildActionMask = 2147483647;
			files = (
			);
			inputFileListPaths = (
			);
			inputPaths = (
				"${PODS_PODFILE_DIR_PATH}/Podfile.lock",
				"${PODS_ROOT}/Manifest.lock",
			);
			name = "[CP] Check Pods Manifest.lock";
			outputFileListPaths = (
			);
			outputPaths = (
				"$(DERIVED_FILE_DIR)/Pods-kakaohairshop-kakaohairshopUITests-checkManifestLockResult.txt",
			);
			runOnlyForDeploymentPostprocessing = 0;
			shellPath = /bin/sh;
			shellScript = "diff \"${PODS_PODFILE_DIR_PATH}/Podfile.lock\" \"${PODS_ROOT}/Manifest.lock\" > /dev/null\nif [ $? != 0 ] ; then\n    # print error to STDERR\n    echo \"error: The sandbox is not in sync with the Podfile.lock. Run 'pod install' or update your CocoaPods installation.\" >&2\n    exit 1\nfi\n# This output is used by Xcode 'outputs' to avoid re-running this script phase.\necho \"SUCCESS\" > \"${SCRIPT_OUTPUT_FILE_0}\"\n";
			showEnvVarsInLog = 0;
		};
/* End PBXShellScriptBuildPhase section */

/* Begin PBXSourcesBuildPhase section */
		BFF1011128D58C2800FCA7FC /* Sources */ = {
			isa = PBXSourcesBuildPhase;
			buildActionMask = 2147483647;
			files = (
				BFA8BBA028D719F80046A9FE /* DynamicHeightCollectionViewFlowLayout.swift in Sources */,
				BFF1011D28D58C2800FCA7FC /* ViewController.swift in Sources */,
				BFF1015728D59DD700FCA7FC /* HomeViewModel.swift in Sources */,
				BFF1015128D598D200FCA7FC /* SearchViewController.swift in Sources */,
				BFF1015F28D5A63300FCA7FC /* GifCollectionViewCell.swift in Sources */,
				BFF1015428D5993900FCA7FC /* Strings.swift in Sources */,
				BFF1011928D58C2800FCA7FC /* AppDelegate.swift in Sources */,
				BFF1014A28D58C8B00FCA7FC /* Network.swift in Sources */,
				BFA8BB9D28D70B590046A9FE /* Constant.swift in Sources */,
				BFF1014F28D5952A00FCA7FC /* HomeViewController.swift in Sources */,
				BFF1011B28D58C2800FCA7FC /* SceneDelegate.swift in Sources */,
				BFF1015928D59E7500FCA7FC /* ViewModelType.swift in Sources */,
				BFA8BBA228D71C330046A9FE /* CGFloats.swift in Sources */,
				BFF1015C28D5A1B200FCA7FC /* NetworkError.swift in Sources */,
				BFA8BB9A28D703920046A9FE /* UIImage.swift in Sources */,
				BFF1014D28D58CE300FCA7FC /* Gif.swift in Sources */,
			);
			runOnlyForDeploymentPostprocessing = 0;
		};
		BFF1012728D58C2A00FCA7FC /* Sources */ = {
			isa = PBXSourcesBuildPhase;
			buildActionMask = 2147483647;
			files = (
				BFF1013028D58C2A00FCA7FC /* kakaohairshopTests.swift in Sources */,
			);
			runOnlyForDeploymentPostprocessing = 0;
		};
		BFF1013128D58C2A00FCA7FC /* Sources */ = {
			isa = PBXSourcesBuildPhase;
			buildActionMask = 2147483647;
			files = (
				BFF1013C28D58C2A00FCA7FC /* kakaohairshopUITestsLaunchTests.swift in Sources */,
				BFF1013A28D58C2A00FCA7FC /* kakaohairshopUITests.swift in Sources */,
			);
			runOnlyForDeploymentPostprocessing = 0;
		};
/* End PBXSourcesBuildPhase section */

/* Begin PBXTargetDependency section */
		BFF1012D28D58C2A00FCA7FC /* PBXTargetDependency */ = {
			isa = PBXTargetDependency;
			target = BFF1011428D58C2800FCA7FC /* kakaohairshop */;
			targetProxy = BFF1012C28D58C2A00FCA7FC /* PBXContainerItemProxy */;
		};
		BFF1013728D58C2A00FCA7FC /* PBXTargetDependency */ = {
			isa = PBXTargetDependency;
			target = BFF1011428D58C2800FCA7FC /* kakaohairshop */;
			targetProxy = BFF1013628D58C2A00FCA7FC /* PBXContainerItemProxy */;
		};
/* End PBXTargetDependency section */

/* Begin PBXVariantGroup section */
		BFF1011E28D58C2800FCA7FC /* Main.storyboard */ = {
			isa = PBXVariantGroup;
			children = (
				BFF1011F28D58C2800FCA7FC /* Base */,
			);
			name = Main.storyboard;
			sourceTree = "<group>";
		};
		BFF1012328D58C2900FCA7FC /* LaunchScreen.storyboard */ = {
			isa = PBXVariantGroup;
			children = (
				BFF1012428D58C2900FCA7FC /* Base */,
			);
			name = LaunchScreen.storyboard;
			sourceTree = "<group>";
		};
/* End PBXVariantGroup section */

/* Begin XCBuildConfiguration section */
		BFF1013D28D58C2A00FCA7FC /* Debug */ = {
			isa = XCBuildConfiguration;
			buildSettings = {
				ALWAYS_SEARCH_USER_PATHS = NO;
				CLANG_ANALYZER_NONNULL = YES;
				CLANG_ANALYZER_NUMBER_OBJECT_CONVERSION = YES_AGGRESSIVE;
				CLANG_CXX_LANGUAGE_STANDARD = "gnu++20";
				CLANG_ENABLE_MODULES = YES;
				CLANG_ENABLE_OBJC_ARC = YES;
				CLANG_ENABLE_OBJC_WEAK = YES;
				CLANG_WARN_BLOCK_CAPTURE_AUTORELEASING = YES;
				CLANG_WARN_BOOL_CONVERSION = YES;
				CLANG_WARN_COMMA = YES;
				CLANG_WARN_CONSTANT_CONVERSION = YES;
				CLANG_WARN_DEPRECATED_OBJC_IMPLEMENTATIONS = YES;
				CLANG_WARN_DIRECT_OBJC_ISA_USAGE = YES_ERROR;
				CLANG_WARN_DOCUMENTATION_COMMENTS = YES;
				CLANG_WARN_EMPTY_BODY = YES;
				CLANG_WARN_ENUM_CONVERSION = YES;
				CLANG_WARN_INFINITE_RECURSION = YES;
				CLANG_WARN_INT_CONVERSION = YES;
				CLANG_WARN_NON_LITERAL_NULL_CONVERSION = YES;
				CLANG_WARN_OBJC_IMPLICIT_RETAIN_SELF = YES;
				CLANG_WARN_OBJC_LITERAL_CONVERSION = YES;
				CLANG_WARN_OBJC_ROOT_CLASS = YES_ERROR;
				CLANG_WARN_QUOTED_INCLUDE_IN_FRAMEWORK_HEADER = YES;
				CLANG_WARN_RANGE_LOOP_ANALYSIS = YES;
				CLANG_WARN_STRICT_PROTOTYPES = YES;
				CLANG_WARN_SUSPICIOUS_MOVE = YES;
				CLANG_WARN_UNGUARDED_AVAILABILITY = YES_AGGRESSIVE;
				CLANG_WARN_UNREACHABLE_CODE = YES;
				CLANG_WARN__DUPLICATE_METHOD_MATCH = YES;
				COPY_PHASE_STRIP = NO;
				DEBUG_INFORMATION_FORMAT = dwarf;
				ENABLE_STRICT_OBJC_MSGSEND = YES;
				ENABLE_TESTABILITY = YES;
				GCC_C_LANGUAGE_STANDARD = gnu11;
				GCC_DYNAMIC_NO_PIC = NO;
				GCC_NO_COMMON_BLOCKS = YES;
				GCC_OPTIMIZATION_LEVEL = 0;
				GCC_PREPROCESSOR_DEFINITIONS = (
					"DEBUG=1",
					"$(inherited)",
				);
				GCC_WARN_64_TO_32_BIT_CONVERSION = YES;
				GCC_WARN_ABOUT_RETURN_TYPE = YES_ERROR;
				GCC_WARN_UNDECLARED_SELECTOR = YES;
				GCC_WARN_UNINITIALIZED_AUTOS = YES_AGGRESSIVE;
				GCC_WARN_UNUSED_FUNCTION = YES;
				GCC_WARN_UNUSED_VARIABLE = YES;
				IPHONEOS_DEPLOYMENT_TARGET = 16.0;
				MTL_ENABLE_DEBUG_INFO = INCLUDE_SOURCE;
				MTL_FAST_MATH = YES;
				ONLY_ACTIVE_ARCH = YES;
				SDKROOT = iphoneos;
				SWIFT_ACTIVE_COMPILATION_CONDITIONS = DEBUG;
				SWIFT_OPTIMIZATION_LEVEL = "-Onone";
			};
			name = Debug;
		};
		BFF1013E28D58C2A00FCA7FC /* Release */ = {
			isa = XCBuildConfiguration;
			buildSettings = {
				ALWAYS_SEARCH_USER_PATHS = NO;
				CLANG_ANALYZER_NONNULL = YES;
				CLANG_ANALYZER_NUMBER_OBJECT_CONVERSION = YES_AGGRESSIVE;
				CLANG_CXX_LANGUAGE_STANDARD = "gnu++20";
				CLANG_ENABLE_MODULES = YES;
				CLANG_ENABLE_OBJC_ARC = YES;
				CLANG_ENABLE_OBJC_WEAK = YES;
				CLANG_WARN_BLOCK_CAPTURE_AUTORELEASING = YES;
				CLANG_WARN_BOOL_CONVERSION = YES;
				CLANG_WARN_COMMA = YES;
				CLANG_WARN_CONSTANT_CONVERSION = YES;
				CLANG_WARN_DEPRECATED_OBJC_IMPLEMENTATIONS = YES;
				CLANG_WARN_DIRECT_OBJC_ISA_USAGE = YES_ERROR;
				CLANG_WARN_DOCUMENTATION_COMMENTS = YES;
				CLANG_WARN_EMPTY_BODY = YES;
				CLANG_WARN_ENUM_CONVERSION = YES;
				CLANG_WARN_INFINITE_RECURSION = YES;
				CLANG_WARN_INT_CONVERSION = YES;
				CLANG_WARN_NON_LITERAL_NULL_CONVERSION = YES;
				CLANG_WARN_OBJC_IMPLICIT_RETAIN_SELF = YES;
				CLANG_WARN_OBJC_LITERAL_CONVERSION = YES;
				CLANG_WARN_OBJC_ROOT_CLASS = YES_ERROR;
				CLANG_WARN_QUOTED_INCLUDE_IN_FRAMEWORK_HEADER = YES;
				CLANG_WARN_RANGE_LOOP_ANALYSIS = YES;
				CLANG_WARN_STRICT_PROTOTYPES = YES;
				CLANG_WARN_SUSPICIOUS_MOVE = YES;
				CLANG_WARN_UNGUARDED_AVAILABILITY = YES_AGGRESSIVE;
				CLANG_WARN_UNREACHABLE_CODE = YES;
				CLANG_WARN__DUPLICATE_METHOD_MATCH = YES;
				COPY_PHASE_STRIP = NO;
				DEBUG_INFORMATION_FORMAT = "dwarf-with-dsym";
				ENABLE_NS_ASSERTIONS = NO;
				ENABLE_STRICT_OBJC_MSGSEND = YES;
				GCC_C_LANGUAGE_STANDARD = gnu11;
				GCC_NO_COMMON_BLOCKS = YES;
				GCC_WARN_64_TO_32_BIT_CONVERSION = YES;
				GCC_WARN_ABOUT_RETURN_TYPE = YES_ERROR;
				GCC_WARN_UNDECLARED_SELECTOR = YES;
				GCC_WARN_UNINITIALIZED_AUTOS = YES_AGGRESSIVE;
				GCC_WARN_UNUSED_FUNCTION = YES;
				GCC_WARN_UNUSED_VARIABLE = YES;
				IPHONEOS_DEPLOYMENT_TARGET = 16.0;
				MTL_ENABLE_DEBUG_INFO = NO;
				MTL_FAST_MATH = YES;
				SDKROOT = iphoneos;
				SWIFT_COMPILATION_MODE = wholemodule;
				SWIFT_OPTIMIZATION_LEVEL = "-O";
				VALIDATE_PRODUCT = YES;
			};
			name = Release;
		};
		BFF1014028D58C2A00FCA7FC /* Debug */ = {
			isa = XCBuildConfiguration;
			baseConfigurationReference = 4EE65E14040320285E40745C /* Pods-kakaohairshop.debug.xcconfig */;
			buildSettings = {
				ASSETCATALOG_COMPILER_APPICON_NAME = AppIcon;
				ASSETCATALOG_COMPILER_GLOBAL_ACCENT_COLOR_NAME = AccentColor;
				CODE_SIGN_STYLE = Automatic;
				CURRENT_PROJECT_VERSION = 1;
				DEVELOPMENT_TEAM = 6RZRPUZ77T;
				GENERATE_INFOPLIST_FILE = YES;
				INFOPLIST_FILE = kakaohairshop/Info.plist;
				INFOPLIST_KEY_UIApplicationSupportsIndirectInputEvents = YES;
				INFOPLIST_KEY_UILaunchStoryboardName = LaunchScreen;
				INFOPLIST_KEY_UIMainStoryboardFile = Main;
				INFOPLIST_KEY_UISupportedInterfaceOrientations_iPad = "UIInterfaceOrientationPortrait UIInterfaceOrientationPortraitUpsideDown UIInterfaceOrientationLandscapeLeft UIInterfaceOrientationLandscapeRight";
				INFOPLIST_KEY_UISupportedInterfaceOrientations_iPhone = "UIInterfaceOrientationPortrait UIInterfaceOrientationLandscapeLeft UIInterfaceOrientationLandscapeRight";
				LD_RUNPATH_SEARCH_PATHS = (
					"$(inherited)",
					"@executable_path/Frameworks",
				);
				MARKETING_VERSION = 1.0;
				PRODUCT_BUNDLE_IDENTIFIER = com.hwi.kakaohairshop;
				PRODUCT_NAME = "$(TARGET_NAME)";
				SWIFT_EMIT_LOC_STRINGS = YES;
				SWIFT_VERSION = 5.0;
				TARGETED_DEVICE_FAMILY = "1,2";
			};
			name = Debug;
		};
		BFF1014128D58C2A00FCA7FC /* Release */ = {
			isa = XCBuildConfiguration;
			baseConfigurationReference = 3C86893D887DDAA0F9D0DB1D /* Pods-kakaohairshop.release.xcconfig */;
			buildSettings = {
				ASSETCATALOG_COMPILER_APPICON_NAME = AppIcon;
				ASSETCATALOG_COMPILER_GLOBAL_ACCENT_COLOR_NAME = AccentColor;
				CODE_SIGN_STYLE = Automatic;
				CURRENT_PROJECT_VERSION = 1;
				DEVELOPMENT_TEAM = 6RZRPUZ77T;
				GENERATE_INFOPLIST_FILE = YES;
				INFOPLIST_FILE = kakaohairshop/Info.plist;
				INFOPLIST_KEY_UIApplicationSupportsIndirectInputEvents = YES;
				INFOPLIST_KEY_UILaunchStoryboardName = LaunchScreen;
				INFOPLIST_KEY_UIMainStoryboardFile = Main;
				INFOPLIST_KEY_UISupportedInterfaceOrientations_iPad = "UIInterfaceOrientationPortrait UIInterfaceOrientationPortraitUpsideDown UIInterfaceOrientationLandscapeLeft UIInterfaceOrientationLandscapeRight";
				INFOPLIST_KEY_UISupportedInterfaceOrientations_iPhone = "UIInterfaceOrientationPortrait UIInterfaceOrientationLandscapeLeft UIInterfaceOrientationLandscapeRight";
				LD_RUNPATH_SEARCH_PATHS = (
					"$(inherited)",
					"@executable_path/Frameworks",
				);
				MARKETING_VERSION = 1.0;
				PRODUCT_BUNDLE_IDENTIFIER = com.hwi.kakaohairshop;
				PRODUCT_NAME = "$(TARGET_NAME)";
				SWIFT_EMIT_LOC_STRINGS = YES;
				SWIFT_VERSION = 5.0;
				TARGETED_DEVICE_FAMILY = "1,2";
			};
			name = Release;
		};
		BFF1014328D58C2A00FCA7FC /* Debug */ = {
			isa = XCBuildConfiguration;
			baseConfigurationReference = A851E6D8CC061C155867A811 /* Pods-kakaohairshopTests.debug.xcconfig */;
			buildSettings = {
				ALWAYS_EMBED_SWIFT_STANDARD_LIBRARIES = YES;
				BUNDLE_LOADER = "$(TEST_HOST)";
				CODE_SIGN_STYLE = Automatic;
				CURRENT_PROJECT_VERSION = 1;
				DEVELOPMENT_TEAM = 6RZRPUZ77T;
				GENERATE_INFOPLIST_FILE = YES;
				IPHONEOS_DEPLOYMENT_TARGET = 16.0;
				MARKETING_VERSION = 1.0;
				PRODUCT_BUNDLE_IDENTIFIER = com.hwi.kakaohairshopTests;
				PRODUCT_NAME = "$(TARGET_NAME)";
				SWIFT_EMIT_LOC_STRINGS = NO;
				SWIFT_VERSION = 5.0;
				TARGETED_DEVICE_FAMILY = "1,2";
				TEST_HOST = "$(BUILT_PRODUCTS_DIR)/kakaohairshop.app/$(BUNDLE_EXECUTABLE_FOLDER_PATH)/kakaohairshop";
			};
			name = Debug;
		};
		BFF1014428D58C2A00FCA7FC /* Release */ = {
			isa = XCBuildConfiguration;
			baseConfigurationReference = 7C8DC1969ED68FF12106946D /* Pods-kakaohairshopTests.release.xcconfig */;
			buildSettings = {
				ALWAYS_EMBED_SWIFT_STANDARD_LIBRARIES = YES;
				BUNDLE_LOADER = "$(TEST_HOST)";
				CODE_SIGN_STYLE = Automatic;
				CURRENT_PROJECT_VERSION = 1;
				DEVELOPMENT_TEAM = 6RZRPUZ77T;
				GENERATE_INFOPLIST_FILE = YES;
				IPHONEOS_DEPLOYMENT_TARGET = 16.0;
				MARKETING_VERSION = 1.0;
				PRODUCT_BUNDLE_IDENTIFIER = com.hwi.kakaohairshopTests;
				PRODUCT_NAME = "$(TARGET_NAME)";
				SWIFT_EMIT_LOC_STRINGS = NO;
				SWIFT_VERSION = 5.0;
				TARGETED_DEVICE_FAMILY = "1,2";
				TEST_HOST = "$(BUILT_PRODUCTS_DIR)/kakaohairshop.app/$(BUNDLE_EXECUTABLE_FOLDER_PATH)/kakaohairshop";
			};
			name = Release;
		};
		BFF1014628D58C2A00FCA7FC /* Debug */ = {
			isa = XCBuildConfiguration;
			baseConfigurationReference = D406AA8F84AEA0E3F44BA906 /* Pods-kakaohairshop-kakaohairshopUITests.debug.xcconfig */;
			buildSettings = {
				ALWAYS_EMBED_SWIFT_STANDARD_LIBRARIES = YES;
				CODE_SIGN_STYLE = Automatic;
				CURRENT_PROJECT_VERSION = 1;
				DEVELOPMENT_TEAM = 6RZRPUZ77T;
				GENERATE_INFOPLIST_FILE = YES;
				MARKETING_VERSION = 1.0;
				PRODUCT_BUNDLE_IDENTIFIER = com.hwi.kakaohairshopUITests;
				PRODUCT_NAME = "$(TARGET_NAME)";
				SWIFT_EMIT_LOC_STRINGS = NO;
				SWIFT_VERSION = 5.0;
				TARGETED_DEVICE_FAMILY = "1,2";
				TEST_TARGET_NAME = kakaohairshop;
			};
			name = Debug;
		};
		BFF1014728D58C2A00FCA7FC /* Release */ = {
			isa = XCBuildConfiguration;
			baseConfigurationReference = 88A6A4FD3F3FA4D5ED6EFBD8 /* Pods-kakaohairshop-kakaohairshopUITests.release.xcconfig */;
			buildSettings = {
				ALWAYS_EMBED_SWIFT_STANDARD_LIBRARIES = YES;
				CODE_SIGN_STYLE = Automatic;
				CURRENT_PROJECT_VERSION = 1;
				DEVELOPMENT_TEAM = 6RZRPUZ77T;
				GENERATE_INFOPLIST_FILE = YES;
				MARKETING_VERSION = 1.0;
				PRODUCT_BUNDLE_IDENTIFIER = com.hwi.kakaohairshopUITests;
				PRODUCT_NAME = "$(TARGET_NAME)";
				SWIFT_EMIT_LOC_STRINGS = NO;
				SWIFT_VERSION = 5.0;
				TARGETED_DEVICE_FAMILY = "1,2";
				TEST_TARGET_NAME = kakaohairshop;
			};
			name = Release;
		};
/* End XCBuildConfiguration section */

/* Begin XCConfigurationList section */
		BFF1011028D58C2800FCA7FC /* Build configuration list for PBXProject "kakaohairshop" */ = {
			isa = XCConfigurationList;
			buildConfigurations = (
				BFF1013D28D58C2A00FCA7FC /* Debug */,
				BFF1013E28D58C2A00FCA7FC /* Release */,
			);
			defaultConfigurationIsVisible = 0;
			defaultConfigurationName = Release;
		};
		BFF1013F28D58C2A00FCA7FC /* Build configuration list for PBXNativeTarget "kakaohairshop" */ = {
			isa = XCConfigurationList;
			buildConfigurations = (
				BFF1014028D58C2A00FCA7FC /* Debug */,
				BFF1014128D58C2A00FCA7FC /* Release */,
			);
			defaultConfigurationIsVisible = 0;
			defaultConfigurationName = Release;
		};
		BFF1014228D58C2A00FCA7FC /* Build configuration list for PBXNativeTarget "kakaohairshopTests" */ = {
			isa = XCConfigurationList;
			buildConfigurations = (
				BFF1014328D58C2A00FCA7FC /* Debug */,
				BFF1014428D58C2A00FCA7FC /* Release */,
			);
			defaultConfigurationIsVisible = 0;
			defaultConfigurationName = Release;
		};
		BFF1014528D58C2A00FCA7FC /* Build configuration list for PBXNativeTarget "kakaohairshopUITests" */ = {
			isa = XCConfigurationList;
			buildConfigurations = (
				BFF1014628D58C2A00FCA7FC /* Debug */,
				BFF1014728D58C2A00FCA7FC /* Release */,
			);
			defaultConfigurationIsVisible = 0;
			defaultConfigurationName = Release;
		};
/* End XCConfigurationList section */
	};
	rootObject = BFF1010D28D58C2800FCA7FC /* Project object */;
}
